
Microsoft Visual Studio Solution File, Format Version 12.00
# Visual Studio Version 17
VisualStudioVersion = 17.7.34003.232
MinimumVisualStudioVersion = 10.0.40219.1
Project("{9A19103F-16F7-4668-BE54-9A1E7A4F7556}") = "HuaJiBot.NET", "src\HuaJiBot.NET\HuaJiBot.NET.csproj", "{7773E08C-333A-4005-B2D1-ACA9057B31F2}"
EndProject
Project("{9A19103F-16F7-4668-BE54-9A1E7A4F7556}") = "HuaJiBot.NET.Plugin.RepairTeam", "src\HuaJiBot.NET.Plugin.RepairTeam\HuaJiBot.NET.Plugin.RepairTeam.csproj", "{729D022F-6631-401D-9378-BC28A5014772}"
EndProject
Project("{9A19103F-16F7-4668-BE54-9A1E7A4F7556}") = "HuaJiBot.NET.CLI", "src\HuaJiBot.NET.CLI\HuaJiBot.NET.CLI.csproj", "{92DB2C82-CB1E-43BC-AE2F-4971871FDA6E}"
	ProjectSection(ProjectDependencies) = postProject
		{23A36543-1BCD-4342-91BC-607A5D881637} = {23A36543-1BCD-4342-91BC-607A5D881637}
		{729D022F-6631-401D-9378-BC28A5014772} = {729D022F-6631-401D-9378-BC28A5014772}
		{7773E08C-333A-4005-B2D1-ACA9057B31F2} = {7773E08C-333A-4005-B2D1-ACA9057B31F2}
		{AF700E47-CD53-4DC4-9602-AE9606B4F6A5} = {AF700E47-CD53-4DC4-9602-AE9606B4F6A5}
		{B1AC8288-59AC-42C9-8669-C61C8781C3C4} = {B1AC8288-59AC-42C9-8669-C61C8781C3C4}
		{D92060BD-04E1-47E4-9E85-5382F33783AD} = {D92060BD-04E1-47E4-9E85-5382F33783AD}
	EndProjectSection
EndProject
Project("{9A19103F-16F7-4668-BE54-9A1E7A4F7556}") = "HuaJiBot.NET.Plugin.Calendar", "src\HuaJiBot.NET.Plugin.Calendar\HuaJiBot.NET.Plugin.Calendar.csproj", "{B1AC8288-59AC-42C9-8669-C61C8781C3C4}"
EndProject
Project("{9A19103F-16F7-4668-BE54-9A1E7A4F7556}") = "HuaJiBot.NET.UnitTest", "src\HuaJiBot.NET.UnitTest\HuaJiBot.NET.UnitTest.csproj", "{BC9FCAAE-C06C-41DA-87A1-A96143A0E337}"
EndProject
Project("{9A19103F-16F7-4668-BE54-9A1E7A4F7556}") = "HuaJiBot.NET.Plugin.GitHubBridge", "src\HuaJiBot.NET.Plugin.GitHubBridge\HuaJiBot.NET.Plugin.GitHubBridge.csproj", "{D92060BD-04E1-47E4-9E85-5382F33783AD}"
EndProject
Project("{9A19103F-16F7-4668-BE54-9A1E7A4F7556}") = "HuaJiBot.NET.Adapter.OneBot", "src\HuaJiBot.NET.Adapter.OneBot\HuaJiBot.NET.Adapter.OneBot.csproj", "{437797C7-15F4-4E60-AE35-EDC8C85A1AFB}"
EndProject
Project("{9A19103F-16F7-4668-BE54-9A1E7A4F7556}") = "HuaJiBot.NET.Plugin.MessageBridge", "src\HuaJiBot.NET.Plugin.MessageBridge\HuaJiBot.NET.Plugin.MessageBridge.csproj", "{AF700E47-CD53-4DC4-9602-AE9606B4F6A5}"
EndProject
Project("{9A19103F-16F7-4668-BE54-9A1E7A4F7556}") = "HuaJiBot.NET.Plugin.Scripting", "src\HuaJiBot.NET.Plugin.Scripting\HuaJiBot.NET.Plugin.Scripting.csproj", "{23A36543-1BCD-4342-91BC-607A5D881637}"
EndProject
Project("{9A19103F-16F7-4668-BE54-9A1E7A4F7556}") = "HuaJiBot.NET.Adapter.Satori", "src\HuaJiBot.NET.Adapter.Satori\HuaJiBot.NET.Adapter.Satori.csproj", "{8EDFA1FA-BBC7-40EF-A1EF-47AB459264B2}"
EndProject
Project("{9A19103F-16F7-4668-BE54-9A1E7A4F7556}") = "HuaJiBot.NET.Adapter.Lagrange", "src\HuaJiBot.NET.Adapter.Lagrange\HuaJiBot.NET.Adapter.Lagrange.csproj", "{E678F9C3-5643-47D1-BFAE-ABC4181CE4A9}"
EndProject
Global
	GlobalSection(SolutionConfigurationPlatforms) = preSolution
		Debug|Any CPU = Debug|Any CPU
		Release|Any CPU = Release|Any CPU
	EndGlobalSection
	GlobalSection(ProjectConfigurationPlatforms) = postSolution
		{7773E08C-333A-4005-B2D1-ACA9057B31F2}.Debug|Any CPU.ActiveCfg = Debug|Any CPU
		{7773E08C-333A-4005-B2D1-ACA9057B31F2}.Debug|Any CPU.Build.0 = Debug|Any CPU
		{7773E08C-333A-4005-B2D1-ACA9057B31F2}.Release|Any CPU.ActiveCfg = Release|Any CPU
		{7773E08C-333A-4005-B2D1-ACA9057B31F2}.Release|Any CPU.Build.0 = Release|Any CPU
		{729D022F-6631-401D-9378-BC28A5014772}.Debug|Any CPU.ActiveCfg = Debug|Any CPU
		{729D022F-6631-401D-9378-BC28A5014772}.Debug|Any CPU.Build.0 = Debug|Any CPU
		{729D022F-6631-401D-9378-BC28A5014772}.Release|Any CPU.ActiveCfg = Release|Any CPU
		{729D022F-6631-401D-9378-BC28A5014772}.Release|Any CPU.Build.0 = Release|Any CPU
		{92DB2C82-CB1E-43BC-AE2F-4971871FDA6E}.Debug|Any CPU.ActiveCfg = Debug|Any CPU
		{92DB2C82-CB1E-43BC-AE2F-4971871FDA6E}.Debug|Any CPU.Build.0 = Debug|Any CPU
		{92DB2C82-CB1E-43BC-AE2F-4971871FDA6E}.Release|Any CPU.ActiveCfg = Release|Any CPU
		{92DB2C82-CB1E-43BC-AE2F-4971871FDA6E}.Release|Any CPU.Build.0 = Release|Any CPU
		{B1AC8288-59AC-42C9-8669-C61C8781C3C4}.Debug|Any CPU.ActiveCfg = Debug|Any CPU
		{B1AC8288-59AC-42C9-8669-C61C8781C3C4}.Debug|Any CPU.Build.0 = Debug|Any CPU
		{B1AC8288-59AC-42C9-8669-C61C8781C3C4}.Release|Any CPU.ActiveCfg = Release|Any CPU
		{B1AC8288-59AC-42C9-8669-C61C8781C3C4}.Release|Any CPU.Build.0 = Release|Any CPU
		{BC9FCAAE-C06C-41DA-87A1-A96143A0E337}.Debug|Any CPU.ActiveCfg = Debug|Any CPU
		{BC9FCAAE-C06C-41DA-87A1-A96143A0E337}.Debug|Any CPU.Build.0 = Debug|Any CPU
		{BC9FCAAE-C06C-41DA-87A1-A96143A0E337}.Release|Any CPU.ActiveCfg = Release|Any CPU
		{BC9FCAAE-C06C-41DA-87A1-A96143A0E337}.Release|Any CPU.Build.0 = Release|Any CPU
		{D92060BD-04E1-47E4-9E85-5382F33783AD}.Debug|Any CPU.ActiveCfg = Debug|Any CPU
		{D92060BD-04E1-47E4-9E85-5382F33783AD}.Debug|Any CPU.Build.0 = Debug|Any CPU
		{D92060BD-04E1-47E4-9E85-5382F33783AD}.Release|Any CPU.ActiveCfg = Release|Any CPU
		{D92060BD-04E1-47E4-9E85-5382F33783AD}.Release|Any CPU.Build.0 = Release|Any CPU
		{437797C7-15F4-4E60-AE35-EDC8C85A1AFB}.Debug|Any CPU.ActiveCfg = Debug|Any CPU
		{437797C7-15F4-4E60-AE35-EDC8C85A1AFB}.Debug|Any CPU.Build.0 = Debug|Any CPU
		{437797C7-15F4-4E60-AE35-EDC8C85A1AFB}.Release|Any CPU.ActiveCfg = Release|Any CPU
		{437797C7-15F4-4E60-AE35-EDC8C85A1AFB}.Release|Any CPU.Build.0 = Release|Any CPU
		{AF700E47-CD53-4DC4-9602-AE9606B4F6A5}.Debug|Any CPU.ActiveCfg = Debug|Any CPU
		{AF700E47-CD53-4DC4-9602-AE9606B4F6A5}.Debug|Any CPU.Build.0 = Debug|Any CPU
		{AF700E47-CD53-4DC4-9602-AE9606B4F6A5}.Release|Any CPU.ActiveCfg = Release|Any CPU
		{AF700E47-CD53-4DC4-9602-AE9606B4F6A5}.Release|Any CPU.Build.0 = Release|Any CPU
		{23A36543-1BCD-4342-91BC-607A5D881637}.Debug|Any CPU.ActiveCfg = Debug|Any CPU
		{23A36543-1BCD-4342-91BC-607A5D881637}.Debug|Any CPU.Build.0 = Debug|Any CPU
		{23A36543-1BCD-4342-91BC-607A5D881637}.Release|Any CPU.ActiveCfg = Release|Any CPU
		{23A36543-1BCD-4342-91BC-607A5D881637}.Release|Any CPU.Build.0 = Release|Any CPU
		{8EDFA1FA-BBC7-40EF-A1EF-47AB459264B2}.Debug|Any CPU.ActiveCfg = Debug|Any CPU
		{8EDFA1FA-BBC7-40EF-A1EF-47AB459264B2}.Debug|Any CPU.Build.0 = Debug|Any CPU
		{8EDFA1FA-BBC7-40EF-A1EF-47AB459264B2}.Release|Any CPU.ActiveCfg = Release|Any CPU
		{8EDFA1FA-BBC7-40EF-A1EF-47AB459264B2}.Release|Any CPU.Build.0 = Release|Any CPU
		{E678F9C3-5643-47D1-BFAE-ABC4181CE4A9}.Debug|Any CPU.ActiveCfg = Debug|Any CPU
		{E678F9C3-5643-47D1-BFAE-ABC4181CE4A9}.Debug|Any CPU.Build.0 = Debug|Any CPU
		{E678F9C3-5643-47D1-BFAE-ABC4181CE4A9}.Release|Any CPU.ActiveCfg = Release|Any CPU
		{E678F9C3-5643-47D1-BFAE-ABC4181CE4A9}.Release|Any CPU.Build.0 = Release|Any CPU
	EndGlobalSection
	GlobalSection(SolutionProperties) = preSolution
		HideSolutionNode = FALSE
	EndGlobalSection
	GlobalSection(ExtensibilityGlobals) = postSolution
		SolutionGuid = {D40C5521-BF7E-442A-AEEF-70CFA34D1837}
	EndGlobalSection
EndGlobal
